<?xml version="1.0" encoding="utf-8"?>
<Project ToolsVersion="4.0" xmlns="http://schemas.microsoft.com/developer/msbuild/2003">
  <ItemGroup>
    <Filter Include="Utils">
      <UniqueIdentifier>{71d6771e-1756-4ad6-9529-42e179d691ae}</UniqueIdentifier>
    </Filter>
    <Filter Include="Core">
      <UniqueIdentifier>{37428049-072b-4336-90d3-14c0e49faf9c}</UniqueIdentifier>
    </Filter>
  </ItemGroup>
  <ItemGroup>
    <ClCompile Include="src\create_stb_image_imp.cpp">
      <Filter>Utils</Filter>
    </ClCompile>
    <ClCompile Include="src\glad.c">
      <Filter>Utils</Filter>
    </ClCompile>
    <ClCompile Include="programm.cpp">
      <Filter>Core</Filter>
    </ClCompile>
  </ItemGroup>
  <ItemGroup>
    <ClInclude Include="src\stb_image.h">
      <Filter>Utils</Filter>
    </ClInclude>
  </ItemGroup>
</Project>